
Microsoft Visual Studio Solution File, Format Version 12.00
# Visual Studio Version 16
VisualStudioVersion = 16.0.29324.140
MinimumVisualStudioVersion = 10.0.40219.1
Project("{FAE04EC0-301F-11D3-BF4B-00C04F79EFBC}") = "ExceptionHandlerMiddleware.API", "ExceptionHandlerMiddleware\ExceptionHandlerMiddleware.API.csproj", "{F99A28B5-A11D-445F-94C3-C6B88D18D0B8}"
EndProject
Project("{FAE04EC0-301F-11D3-BF4B-00C04F79EFBC}") = "Business", "Business\Business.csproj", "{C9C1FDC7-35C0-40CC-A598-CAE3299ACCCD}"
EndProject
Project("{FAE04EC0-301F-11D3-BF4B-00C04F79EFBC}") = "Data", "Data\Data.csproj", "{A66EB7E3-C95E-4287-885A-4569D57E737D}"
EndProject
Project("{FAE04EC0-301F-11D3-BF4B-00C04F79EFBC}") = "Models", "Models\Models.csproj", "{A96ABF9F-44C1-4844-BB93-0BDB8AB1D8D5}"
EndProject
Global
	GlobalSection(SolutionConfigurationPlatforms) = preSolution
		Debug|Any CPU = Debug|Any CPU
		Release|Any CPU = Release|Any CPU
	EndGlobalSection
	GlobalSection(ProjectConfigurationPlatforms) = postSolution
		{F99A28B5-A11D-445F-94C3-C6B88D18D0B8}.Debug|Any CPU.ActiveCfg = Debug|Any CPU
		{F99A28B5-A11D-445F-94C3-C6B88D18D0B8}.Debug|Any CPU.Build.0 = Debug|Any CPU
		{F99A28B5-A11D-445F-94C3-C6B88D18D0B8}.Release|Any CPU.ActiveCfg = Release|Any CPU
		{F99A28B5-A11D-445F-94C3-C6B88D18D0B8}.Release|Any CPU.Build.0 = Release|Any CPU
		{C9C1FDC7-35C0-40CC-A598-CAE3299ACCCD}.Debug|Any CPU.ActiveCfg = Debug|Any CPU
		{C9C1FDC7-35C0-40CC-A598-CAE3299ACCCD}.Debug|Any CPU.Build.0 = Debug|Any CPU
		{C9C1FDC7-35C0-40CC-A598-CAE3299ACCCD}.Release|Any CPU.ActiveCfg = Release|Any CPU
		{C9C1FDC7-35C0-40CC-A598-CAE3299ACCCD}.Release|Any CPU.Build.0 = Release|Any CPU
		{A66EB7E3-C95E-4287-885A-4569D57E737D}.Debug|Any CPU.ActiveCfg = Debug|Any CPU
		{A66EB7E3-C95E-4287-885A-4569D57E737D}.Debug|Any CPU.Build.0 = Debug|Any CPU
		{A66EB7E3-C95E-4287-885A-4569D57E737D}.Release|Any CPU.ActiveCfg = Release|Any CPU
		{A66EB7E3-C95E-4287-885A-4569D57E737D}.Release|Any CPU.Build.0 = Release|Any CPU
		{A96ABF9F-44C1-4844-BB93-0BDB8AB1D8D5}.Debug|Any CPU.ActiveCfg = Debug|Any CPU
		{A96ABF9F-44C1-4844-BB93-0BDB8AB1D8D5}.Debug|Any CPU.Build.0 = Debug|Any CPU
		{A96ABF9F-44C1-4844-BB93-0BDB8AB1D8D5}.Release|Any CPU.ActiveCfg = Release|Any CPU
		{A96ABF9F-44C1-4844-BB93-0BDB8AB1D8D5}.Release|Any CPU.Build.0 = Release|Any CPU
	EndGlobalSection
	GlobalSection(SolutionProperties) = preSolution
		HideSolutionNode = FALSE
	EndGlobalSection
	GlobalSection(ExtensibilityGlobals) = postSolution
		SolutionGuid = {6ECFA545-1D65-4D44-97E4-0D44C0DD5A09}
	EndGlobalSection
EndGlobal
